
Microsoft Visual Studio Solution File, Format Version 12.00
# Visual Studio 2013
VisualStudioVersion = 12.0.21005.1
MinimumVisualStudioVersion = 10.0.40219.1
Project("{8BC9CEB8-8B4A-11D0-8D11-00A0C91BC942}") = "text_12_08", "text_12_08\text_12_08.vcxproj", "{03DF4C99-5494-4541-8EE7-30F5AF99C9FC}"
EndProject
Global
	GlobalSection(SolutionConfigurationPlatforms) = preSolution
		Debug|Win32 = Debug|Win32
		Release|Win32 = Release|Win32
	EndGlobalSection
	GlobalSection(ProjectConfigurationPlatforms) = postSolution
		{03DF4C99-5494-4541-8EE7-30F5AF99C9FC}.Debug|Win32.ActiveCfg = Debug|Win32
		{03DF4C99-5494-4541-8EE7-30F5AF99C9FC}.Debug|Win32.Build.0 = Debug|Win32
		{03DF4C99-5494-4541-8EE7-30F5AF99C9FC}.Release|Win32.ActiveCfg = Release|Win32
		{03DF4C99-5494-4541-8EE7-30F5AF99C9FC}.Release|Win32.Build.0 = Release|Win32
	EndGlobalSection
	GlobalSection(SolutionProperties) = preSolution
		HideSolutionNode = FALSE
	EndGlobalSection
EndGlobal
